
Microsoft Visual Studio Solution File, Format Version 12.00
# Visual Studio 15
VisualStudioVersion = 15.0.26730.16
MinimumVisualStudioVersion = 10.0.40219.1
Project("{FAE04EC0-301F-11D3-BF4B-00C04F79EFBC}") = "GitApp.Android", "GitApp\GitApp.Android\GitApp.Android.csproj", "{B2351A50-2E08-43A4-9913-1319A022F924}"
EndProject
Project("{FAE04EC0-301F-11D3-BF4B-00C04F79EFBC}") = "GitApp", "GitApp\GitApp\GitApp.csproj", "{9CE2DA7B-3873-4A88-966F-4A6F6B898723}"
EndProject
Project("{FAE04EC0-301F-11D3-BF4B-00C04F79EFBC}") = "GitApp.UWP", "GitApp\GitApp.UWP\GitApp.UWP.csproj", "{639251B2-B2CB-4E23-B669-37357A970239}"
EndProject
Project("{FAE04EC0-301F-11D3-BF4B-00C04F79EFBC}") = "GitApp.iOS", "GitApp\GitApp.iOS\GitApp.iOS.csproj", "{7F8658E8-89AE-40F8-8401-26AFB9F226CC}"
EndProject
Global
	GlobalSection(SolutionConfigurationPlatforms) = preSolution
		Ad-Hoc|Any CPU = Ad-Hoc|Any CPU
		Ad-Hoc|ARM = Ad-Hoc|ARM
		Ad-Hoc|iPhone = Ad-Hoc|iPhone
		Ad-Hoc|iPhoneSimulator = Ad-Hoc|iPhoneSimulator
		Ad-Hoc|x64 = Ad-Hoc|x64
		Ad-Hoc|x86 = Ad-Hoc|x86
		AppStore|Any CPU = AppStore|Any CPU
		AppStore|ARM = AppStore|ARM
		AppStore|iPhone = AppStore|iPhone
		AppStore|iPhoneSimulator = AppStore|iPhoneSimulator
		AppStore|x64 = AppStore|x64
		AppStore|x86 = AppStore|x86
		Debug|Any CPU = Debug|Any CPU
		Debug|ARM = Debug|ARM
		Debug|iPhone = Debug|iPhone
		Debug|iPhoneSimulator = Debug|iPhoneSimulator
		Debug|x64 = Debug|x64
		Debug|x86 = Debug|x86
		Release|Any CPU = Release|Any CPU
		Release|ARM = Release|ARM
		Release|iPhone = Release|iPhone
		Release|iPhoneSimulator = Release|iPhoneSimulator
		Release|x64 = Release|x64
		Release|x86 = Release|x86
	EndGlobalSection
	GlobalSection(ProjectConfigurationPlatforms) = postSolution
		{B2351A50-2E08-43A4-9913-1319A022F924}.Ad-Hoc|Any CPU.ActiveCfg = Release|Any CPU
		{B2351A50-2E08-43A4-9913-1319A022F924}.Ad-Hoc|Any CPU.Build.0 = Release|Any CPU
		{B2351A50-2E08-43A4-9913-1319A022F924}.Ad-Hoc|Any CPU.Deploy.0 = Release|Any CPU
		{B2351A50-2E08-43A4-9913-1319A022F924}.Ad-Hoc|ARM.ActiveCfg = Release|Any CPU
		{B2351A50-2E08-43A4-9913-1319A022F924}.Ad-Hoc|ARM.Build.0 = Release|Any CPU
		{B2351A50-2E08-43A4-9913-1319A022F924}.Ad-Hoc|ARM.Deploy.0 = Release|Any CPU
		{B2351A50-2E08-43A4-9913-1319A022F924}.Ad-Hoc|iPhone.ActiveCfg = Release|Any CPU
		{B2351A50-2E08-43A4-9913-1319A022F924}.Ad-Hoc|iPhone.Build.0 = Release|Any CPU
		{B2351A50-2E08-43A4-9913-1319A022F924}.Ad-Hoc|iPhone.Deploy.0 = Release|Any CPU
		{B2351A50-2E08-43A4-9913-1319A022F924}.Ad-Hoc|iPhoneSimulator.ActiveCfg = Release|Any CPU
		{B2351A50-2E08-43A4-9913-1319A022F924}.Ad-Hoc|iPhoneSimulator.Build.0 = Release|Any CPU
		{B2351A50-2E08-43A4-9913-1319A022F924}.Ad-Hoc|iPhoneSimulator.Deploy.0 = Release|Any CPU
		{B2351A50-2E08-43A4-9913-1319A022F924}.Ad-Hoc|x64.ActiveCfg = Release|Any CPU
		{B2351A50-2E08-43A4-9913-1319A022F924}.Ad-Hoc|x64.Build.0 = Release|Any CPU
		{B2351A50-2E08-43A4-9913-1319A022F924}.Ad-Hoc|x64.Deploy.0 = Release|Any CPU
		{B2351A50-2E08-43A4-9913-1319A022F924}.Ad-Hoc|x86.ActiveCfg = Release|Any CPU
		{B2351A50-2E08-43A4-9913-1319A022F924}.Ad-Hoc|x86.Build.0 = Release|Any CPU
		{B2351A50-2E08-43A4-9913-1319A022F924}.Ad-Hoc|x86.Deploy.0 = Release|Any CPU
		{B2351A50-2E08-43A4-9913-1319A022F924}.AppStore|Any CPU.ActiveCfg = Release|Any CPU
		{B2351A50-2E08-43A4-9913-1319A022F924}.AppStore|Any CPU.Build.0 = Release|Any CPU
		{B2351A50-2E08-43A4-9913-1319A022F924}.AppStore|Any CPU.Deploy.0 = Release|Any CPU
		{B2351A50-2E08-43A4-9913-1319A022F924}.AppStore|ARM.ActiveCfg = Release|Any CPU
		{B2351A50-2E08-43A4-9913-1319A022F924}.AppStore|ARM.Build.0 = Release|Any CPU
		{B2351A50-2E08-43A4-9913-1319A022F924}.AppStore|ARM.Deploy.0 = Release|Any CPU
		{B2351A50-2E08-43A4-9913-1319A022F924}.AppStore|iPhone.ActiveCfg = Release|Any CPU
		{B2351A50-2E08-43A4-9913-1319A022F924}.AppStore|iPhone.Build.0 = Release|Any CPU
		{B2351A50-2E08-43A4-9913-1319A022F924}.AppStore|iPhone.Deploy.0 = Release|Any CPU
		{B2351A50-2E08-43A4-9913-1319A022F924}.AppStore|iPhoneSimulator.ActiveCfg = Release|Any CPU
		{B2351A50-2E08-43A4-9913-1319A022F924}.AppStore|iPhoneSimulator.Build.0 = Release|Any CPU
		{B2351A50-2E08-43A4-9913-1319A022F924}.AppStore|iPhoneSimulator.Deploy.0 = Release|Any CPU
		{B2351A50-2E08-43A4-9913-1319A022F924}.AppStore|x64.ActiveCfg = Release|Any CPU
		{B2351A50-2E08-43A4-9913-1319A022F924}.AppStore|x64.Build.0 = Release|Any CPU
		{B2351A50-2E08-43A4-9913-1319A022F924}.AppStore|x64.Deploy.0 = Release|Any CPU
		{B2351A50-2E08-43A4-9913-1319A022F924}.AppStore|x86.ActiveCfg = Release|Any CPU
		{B2351A50-2E08-43A4-9913-1319A022F924}.AppStore|x86.Build.0 = Release|Any CPU
		{B2351A50-2E08-43A4-9913-1319A022F924}.AppStore|x86.Deploy.0 = Release|Any CPU
		{B2351A50-2E08-43A4-9913-1319A022F924}.Debug|Any CPU.ActiveCfg = Debug|Any CPU
		{B2351A50-2E08-43A4-9913-1319A022F924}.Debug|Any CPU.Build.0 = Debug|Any CPU
		{B2351A50-2E08-43A4-9913-1319A022F924}.Debug|Any CPU.Deploy.0 = Debug|Any CPU
		{B2351A50-2E08-43A4-9913-1319A022F924}.Debug|ARM.ActiveCfg = Debug|Any CPU
		{B2351A50-2E08-43A4-9913-1319A022F924}.Debug|ARM.Build.0 = Debug|Any CPU
		{B2351A50-2E08-43A4-9913-1319A022F924}.Debug|ARM.Deploy.0 = Debug|Any CPU
		{B2351A50-2E08-43A4-9913-1319A022F924}.Debug|iPhone.ActiveCfg = Debug|Any CPU
		{B2351A50-2E08-43A4-9913-1319A022F924}.Debug|iPhone.Build.0 = Debug|Any CPU
		{B2351A50-2E08-43A4-9913-1319A022F924}.Debug|iPhone.Deploy.0 = Debug|Any CPU
		{B2351A50-2E08-43A4-9913-1319A022F924}.Debug|iPhoneSimulator.ActiveCfg = Debug|Any CPU
		{B2351A50-2E08-43A4-9913-1319A022F924}.Debug|iPhoneSimulator.Build.0 = Debug|Any CPU
		{B2351A50-2E08-43A4-9913-1319A022F924}.Debug|iPhoneSimulator.Deploy.0 = Debug|Any CPU
		{B2351A50-2E08-43A4-9913-1319A022F924}.Debug|x64.ActiveCfg = Debug|Any CPU
		{B2351A50-2E08-43A4-9913-1319A022F924}.Debug|x64.Build.0 = Debug|Any CPU
		{B2351A50-2E08-43A4-9913-1319A022F924}.Debug|x64.Deploy.0 = Debug|Any CPU
		{B2351A50-2E08-43A4-9913-1319A022F924}.Debug|x86.ActiveCfg = Debug|Any CPU
		{B2351A50-2E08-43A4-9913-1319A022F924}.Debug|x86.Build.0 = Debug|Any CPU
		{B2351A50-2E08-43A4-9913-1319A022F924}.Debug|x86.Deploy.0 = Debug|Any CPU
		{B2351A50-2E08-43A4-9913-1319A022F924}.Release|Any CPU.ActiveCfg = Release|Any CPU
		{B2351A50-2E08-43A4-9913-1319A022F924}.Release|Any CPU.Build.0 = Release|Any CPU
		{B2351A50-2E08-43A4-9913-1319A022F924}.Release|Any CPU.Deploy.0 = Release|Any CPU
		{B2351A50-2E08-43A4-9913-1319A022F924}.Release|ARM.ActiveCfg = Release|Any CPU
		{B2351A50-2E08-43A4-9913-1319A022F924}.Release|ARM.Build.0 = Release|Any CPU
		{B2351A50-2E08-43A4-9913-1319A022F924}.Release|ARM.Deploy.0 = Release|Any CPU
		{B2351A50-2E08-43A4-9913-1319A022F924}.Release|iPhone.ActiveCfg = Release|Any CPU
		{B2351A50-2E08-43A4-9913-1319A022F924}.Release|iPhone.Build.0 = Release|Any CPU
		{B2351A50-2E08-43A4-9913-1319A022F924}.Release|iPhone.Deploy.0 = Release|Any CPU
		{B2351A50-2E08-43A4-9913-1319A022F924}.Release|iPhoneSimulator.ActiveCfg = Release|Any CPU
		{B2351A50-2E08-43A4-9913-1319A022F924}.Release|iPhoneSimulator.Build.0 = Release|Any CPU
		{B2351A50-2E08-43A4-9913-1319A022F924}.Release|iPhoneSimulator.Deploy.0 = Release|Any CPU
		{B2351A50-2E08-43A4-9913-1319A022F924}.Release|x64.ActiveCfg = Release|Any CPU
		{B2351A50-2E08-43A4-9913-1319A022F924}.Release|x64.Build.0 = Release|Any CPU
		{B2351A50-2E08-43A4-9913-1319A022F924}.Release|x64.Deploy.0 = Release|Any CPU
		{B2351A50-2E08-43A4-9913-1319A022F924}.Release|x86.ActiveCfg = Release|Any CPU
		{B2351A50-2E08-43A4-9913-1319A022F924}.Release|x86.Build.0 = Release|Any CPU
		{B2351A50-2E08-43A4-9913-1319A022F924}.Release|x86.Deploy.0 = Release|Any CPU
		{9CE2DA7B-3873-4A88-966F-4A6F6B898723}.Ad-Hoc|Any CPU.ActiveCfg = Release|Any CPU
		{9CE2DA7B-3873-4A88-966F-4A6F6B898723}.Ad-Hoc|Any CPU.Build.0 = Release|Any CPU
		{9CE2DA7B-3873-4A88-966F-4A6F6B898723}.Ad-Hoc|ARM.ActiveCfg = Release|Any CPU
		{9CE2DA7B-3873-4A88-966F-4A6F6B898723}.Ad-Hoc|ARM.Build.0 = Release|Any CPU
		{9CE2DA7B-3873-4A88-966F-4A6F6B898723}.Ad-Hoc|iPhone.ActiveCfg = Release|Any CPU
		{9CE2DA7B-3873-4A88-966F-4A6F6B898723}.Ad-Hoc|iPhone.Build.0 = Release|Any CPU
		{9CE2DA7B-3873-4A88-966F-4A6F6B898723}.Ad-Hoc|iPhoneSimulator.ActiveCfg = Release|Any CPU
		{9CE2DA7B-3873-4A88-966F-4A6F6B898723}.Ad-Hoc|iPhoneSimulator.Build.0 = Release|Any CPU
		{9CE2DA7B-3873-4A88-966F-4A6F6B898723}.Ad-Hoc|x64.ActiveCfg = Release|Any CPU
		{9CE2DA7B-3873-4A88-966F-4A6F6B898723}.Ad-Hoc|x64.Build.0 = Release|Any CPU
		{9CE2DA7B-3873-4A88-966F-4A6F6B898723}.Ad-Hoc|x86.ActiveCfg = Release|Any CPU
		{9CE2DA7B-3873-4A88-966F-4A6F6B898723}.Ad-Hoc|x86.Build.0 = Release|Any CPU
		{9CE2DA7B-3873-4A88-966F-4A6F6B898723}.AppStore|Any CPU.ActiveCfg = Release|Any CPU
		{9CE2DA7B-3873-4A88-966F-4A6F6B898723}.AppStore|Any CPU.Build.0 = Release|Any CPU
		{9CE2DA7B-3873-4A88-966F-4A6F6B898723}.AppStore|ARM.ActiveCfg = Release|Any CPU
		{9CE2DA7B-3873-4A88-966F-4A6F6B898723}.AppStore|ARM.Build.0 = Release|Any CPU
		{9CE2DA7B-3873-4A88-966F-4A6F6B898723}.AppStore|iPhone.ActiveCfg = Release|Any CPU
		{9CE2DA7B-3873-4A88-966F-4A6F6B898723}.AppStore|iPhone.Build.0 = Release|Any CPU
		{9CE2DA7B-3873-4A88-966F-4A6F6B898723}.AppStore|iPhoneSimulator.ActiveCfg = Release|Any CPU
		{9CE2DA7B-3873-4A88-966F-4A6F6B898723}.AppStore|iPhoneSimulator.Build.0 = Release|Any CPU
		{9CE2DA7B-3873-4A88-966F-4A6F6B898723}.AppStore|x64.ActiveCfg = Release|Any CPU
		{9CE2DA7B-3873-4A88-966F-4A6F6B898723}.AppStore|x64.Build.0 = Release|Any CPU
		{9CE2DA7B-3873-4A88-966F-4A6F6B898723}.AppStore|x86.ActiveCfg = Release|Any CPU
		{9CE2DA7B-3873-4A88-966F-4A6F6B898723}.AppStore|x86.Build.0 = Release|Any CPU
		{9CE2DA7B-3873-4A88-966F-4A6F6B898723}.Debug|Any CPU.ActiveCfg = Debug|Any CPU
		{9CE2DA7B-3873-4A88-966F-4A6F6B898723}.Debug|Any CPU.Build.0 = Debug|Any CPU
		{9CE2DA7B-3873-4A88-966F-4A6F6B898723}.Debug|ARM.ActiveCfg = Debug|Any CPU
		{9CE2DA7B-3873-4A88-966F-4A6F6B898723}.Debug|ARM.Build.0 = Debug|Any CPU
		{9CE2DA7B-3873-4A88-966F-4A6F6B898723}.Debug|iPhone.ActiveCfg = Debug|Any CPU
		{9CE2DA7B-3873-4A88-966F-4A6F6B898723}.Debug|iPhone.Build.0 = Debug|Any CPU
		{9CE2DA7B-3873-4A88-966F-4A6F6B898723}.Debug|iPhoneSimulator.ActiveCfg = Debug|Any CPU
		{9CE2DA7B-3873-4A88-966F-4A6F6B898723}.Debug|iPhoneSimulator.Build.0 = Debug|Any CPU
		{9CE2DA7B-3873-4A88-966F-4A6F6B898723}.Debug|x64.ActiveCfg = Debug|Any CPU
		{9CE2DA7B-3873-4A88-966F-4A6F6B898723}.Debug|x64.Build.0 = Debug|Any CPU
		{9CE2DA7B-3873-4A88-966F-4A6F6B898723}.Debug|x86.ActiveCfg = Debug|Any CPU
		{9CE2DA7B-3873-4A88-966F-4A6F6B898723}.Debug|x86.Build.0 = Debug|Any CPU
		{9CE2DA7B-3873-4A88-966F-4A6F6B898723}.Release|Any CPU.ActiveCfg = Release|Any CPU
		{9CE2DA7B-3873-4A88-966F-4A6F6B898723}.Release|Any CPU.Build.0 = Release|Any CPU
		{9CE2DA7B-3873-4A88-966F-4A6F6B898723}.Release|ARM.ActiveCfg = Release|Any CPU
		{9CE2DA7B-3873-4A88-966F-4A6F6B898723}.Release|ARM.Build.0 = Release|Any CPU
		{9CE2DA7B-3873-4A88-966F-4A6F6B898723}.Release|iPhone.ActiveCfg = Release|Any CPU
		{9CE2DA7B-3873-4A88-966F-4A6F6B898723}.Release|iPhone.Build.0 = Release|Any CPU
		{9CE2DA7B-3873-4A88-966F-4A6F6B898723}.Release|iPhoneSimulator.ActiveCfg = Release|Any CPU
		{9CE2DA7B-3873-4A88-966F-4A6F6B898723}.Release|iPhoneSimulator.Build.0 = Release|Any CPU
		{9CE2DA7B-3873-4A88-966F-4A6F6B898723}.Release|x64.ActiveCfg = Release|Any CPU
		{9CE2DA7B-3873-4A88-966F-4A6F6B898723}.Release|x64.Build.0 = Release|Any CPU
		{9CE2DA7B-3873-4A88-966F-4A6F6B898723}.Release|x86.ActiveCfg = Release|Any CPU
		{9CE2DA7B-3873-4A88-966F-4A6F6B898723}.Release|x86.Build.0 = Release|Any CPU
		{639251B2-B2CB-4E23-B669-37357A970239}.Ad-Hoc|Any CPU.ActiveCfg = Release|x86
		{639251B2-B2CB-4E23-B669-37357A970239}.Ad-Hoc|Any CPU.Build.0 = Release|x86
		{639251B2-B2CB-4E23-B669-37357A970239}.Ad-Hoc|Any CPU.Deploy.0 = Release|x86
		{639251B2-B2CB-4E23-B669-37357A970239}.Ad-Hoc|ARM.ActiveCfg = Release|ARM
		{639251B2-B2CB-4E23-B669-37357A970239}.Ad-Hoc|ARM.Build.0 = Release|ARM
		{639251B2-B2CB-4E23-B669-37357A970239}.Ad-Hoc|ARM.Deploy.0 = Release|ARM
		{639251B2-B2CB-4E23-B669-37357A970239}.Ad-Hoc|iPhone.ActiveCfg = Release|x86
		{639251B2-B2CB-4E23-B669-37357A970239}.Ad-Hoc|iPhone.Build.0 = Release|x86
		{639251B2-B2CB-4E23-B669-37357A970239}.Ad-Hoc|iPhone.Deploy.0 = Release|x86
		{639251B2-B2CB-4E23-B669-37357A970239}.Ad-Hoc|iPhoneSimulator.ActiveCfg = Release|x86
		{639251B2-B2CB-4E23-B669-37357A970239}.Ad-Hoc|iPhoneSimulator.Build.0 = Release|x86
		{639251B2-B2CB-4E23-B669-37357A970239}.Ad-Hoc|iPhoneSimulator.Deploy.0 = Release|x86
		{639251B2-B2CB-4E23-B669-37357A970239}.Ad-Hoc|x64.ActiveCfg = Release|x64
		{639251B2-B2CB-4E23-B669-37357A970239}.Ad-Hoc|x64.Build.0 = Release|x64
		{639251B2-B2CB-4E23-B669-37357A970239}.Ad-Hoc|x64.Deploy.0 = Release|x64
		{639251B2-B2CB-4E23-B669-37357A970239}.Ad-Hoc|x86.ActiveCfg = Release|x86
		{639251B2-B2CB-4E23-B669-37357A970239}.Ad-Hoc|x86.Build.0 = Release|x86
		{639251B2-B2CB-4E23-B669-37357A970239}.Ad-Hoc|x86.Deploy.0 = Release|x86
		{639251B2-B2CB-4E23-B669-37357A970239}.AppStore|Any CPU.ActiveCfg = Release|x86
		{639251B2-B2CB-4E23-B669-37357A970239}.AppStore|Any CPU.Build.0 = Release|x86
		{639251B2-B2CB-4E23-B669-37357A970239}.AppStore|Any CPU.Deploy.0 = Release|x86
		{639251B2-B2CB-4E23-B669-37357A970239}.AppStore|ARM.ActiveCfg = Release|ARM
		{639251B2-B2CB-4E23-B669-37357A970239}.AppStore|ARM.Build.0 = Release|ARM
		{639251B2-B2CB-4E23-B669-37357A970239}.AppStore|ARM.Deploy.0 = Release|ARM
		{639251B2-B2CB-4E23-B669-37357A970239}.AppStore|iPhone.ActiveCfg = Release|x86
		{639251B2-B2CB-4E23-B669-37357A970239}.AppStore|iPhone.Build.0 = Release|x86
		{639251B2-B2CB-4E23-B669-37357A970239}.AppStore|iPhone.Deploy.0 = Release|x86
		{639251B2-B2CB-4E23-B669-37357A970239}.AppStore|iPhoneSimulator.ActiveCfg = Release|x86
		{639251B2-B2CB-4E23-B669-37357A970239}.AppStore|iPhoneSimulator.Build.0 = Release|x86
		{639251B2-B2CB-4E23-B669-37357A970239}.AppStore|iPhoneSimulator.Deploy.0 = Release|x86
		{639251B2-B2CB-4E23-B669-37357A970239}.AppStore|x64.ActiveCfg = Release|x64
		{639251B2-B2CB-4E23-B669-37357A970239}.AppStore|x64.Build.0 = Release|x64
		{639251B2-B2CB-4E23-B669-37357A970239}.AppStore|x64.Deploy.0 = Release|x64
		{639251B2-B2CB-4E23-B669-37357A970239}.AppStore|x86.ActiveCfg = Release|x86
		{639251B2-B2CB-4E23-B669-37357A970239}.AppStore|x86.Build.0 = Release|x86
		{639251B2-B2CB-4E23-B669-37357A970239}.AppStore|x86.Deploy.0 = Release|x86
		{639251B2-B2CB-4E23-B669-37357A970239}.Debug|Any CPU.ActiveCfg = Debug|x86
		{639251B2-B2CB-4E23-B669-37357A970239}.Debug|ARM.ActiveCfg = Debug|ARM
		{639251B2-B2CB-4E23-B669-37357A970239}.Debug|ARM.Build.0 = Debug|ARM
		{639251B2-B2CB-4E23-B669-37357A970239}.Debug|ARM.Deploy.0 = Debug|ARM
		{639251B2-B2CB-4E23-B669-37357A970239}.Debug|iPhone.ActiveCfg = Debug|x86
		{639251B2-B2CB-4E23-B669-37357A970239}.Debug|iPhoneSimulator.ActiveCfg = Debug|x86
		{639251B2-B2CB-4E23-B669-37357A970239}.Debug|x64.ActiveCfg = Debug|x64
		{639251B2-B2CB-4E23-B669-37357A970239}.Debug|x64.Build.0 = Debug|x64
		{639251B2-B2CB-4E23-B669-37357A970239}.Debug|x64.Deploy.0 = Debug|x64
		{639251B2-B2CB-4E23-B669-37357A970239}.Debug|x86.ActiveCfg = Debug|x86
		{639251B2-B2CB-4E23-B669-37357A970239}.Debug|x86.Build.0 = Debug|x86
		{639251B2-B2CB-4E23-B669-37357A970239}.Debug|x86.Deploy.0 = Debug|x86
		{639251B2-B2CB-4E23-B669-37357A970239}.Release|Any CPU.ActiveCfg = Release|x86
		{639251B2-B2CB-4E23-B669-37357A970239}.Release|ARM.ActiveCfg = Release|ARM
		{639251B2-B2CB-4E23-B669-37357A970239}.Release|ARM.Build.0 = Release|ARM
		{639251B2-B2CB-4E23-B669-37357A970239}.Release|ARM.Deploy.0 = Release|ARM
		{639251B2-B2CB-4E23-B669-37357A970239}.Release|iPhone.ActiveCfg = Release|x86
		{639251B2-B2CB-4E23-B669-37357A970239}.Release|iPhoneSimulator.ActiveCfg = Release|x86
		{639251B2-B2CB-4E23-B669-37357A970239}.Release|x64.ActiveCfg = Release|x64
		{639251B2-B2CB-4E23-B669-37357A970239}.Release|x64.Build.0 = Release|x64
		{639251B2-B2CB-4E23-B669-37357A970239}.Release|x64.Deploy.0 = Release|x64
		{639251B2-B2CB-4E23-B669-37357A970239}.Release|x86.ActiveCfg = Release|x86
		{639251B2-B2CB-4E23-B669-37357A970239}.Release|x86.Build.0 = Release|x86
		{639251B2-B2CB-4E23-B669-37357A970239}.Release|x86.Deploy.0 = Release|x86
		{7F8658E8-89AE-40F8-8401-26AFB9F226CC}.Ad-Hoc|Any CPU.ActiveCfg = Ad-Hoc|iPhone
		{7F8658E8-89AE-40F8-8401-26AFB9F226CC}.Ad-Hoc|ARM.ActiveCfg = Ad-Hoc|iPhone
		{7F8658E8-89AE-40F8-8401-26AFB9F226CC}.Ad-Hoc|iPhone.ActiveCfg = Ad-Hoc|iPhone
		{7F8658E8-89AE-40F8-8401-26AFB9F226CC}.Ad-Hoc|iPhone.Build.0 = Ad-Hoc|iPhone
		{7F8658E8-89AE-40F8-8401-26AFB9F226CC}.Ad-Hoc|iPhoneSimulator.ActiveCfg = Ad-Hoc|iPhoneSimulator
		{7F8658E8-89AE-40F8-8401-26AFB9F226CC}.Ad-Hoc|iPhoneSimulator.Build.0 = Ad-Hoc|iPhoneSimulator
		{7F8658E8-89AE-40F8-8401-26AFB9F226CC}.Ad-Hoc|x64.ActiveCfg = Ad-Hoc|iPhone
		{7F8658E8-89AE-40F8-8401-26AFB9F226CC}.Ad-Hoc|x86.ActiveCfg = Ad-Hoc|iPhone
		{7F8658E8-89AE-40F8-8401-26AFB9F226CC}.AppStore|Any CPU.ActiveCfg = AppStore|iPhone
		{7F8658E8-89AE-40F8-8401-26AFB9F226CC}.AppStore|ARM.ActiveCfg = AppStore|iPhone
		{7F8658E8-89AE-40F8-8401-26AFB9F226CC}.AppStore|iPhone.ActiveCfg = AppStore|iPhone
		{7F8658E8-89AE-40F8-8401-26AFB9F226CC}.AppStore|iPhone.Build.0 = AppStore|iPhone
		{7F8658E8-89AE-40F8-8401-26AFB9F226CC}.AppStore|iPhoneSimulator.ActiveCfg = AppStore|iPhoneSimulator
		{7F8658E8-89AE-40F8-8401-26AFB9F226CC}.AppStore|iPhoneSimulator.Build.0 = AppStore|iPhoneSimulator
		{7F8658E8-89AE-40F8-8401-26AFB9F226CC}.AppStore|x64.ActiveCfg = AppStore|iPhone
		{7F8658E8-89AE-40F8-8401-26AFB9F226CC}.AppStore|x86.ActiveCfg = AppStore|iPhone
		{7F8658E8-89AE-40F8-8401-26AFB9F226CC}.Debug|Any CPU.ActiveCfg = Debug|iPhoneSimulator
		{7F8658E8-89AE-40F8-8401-26AFB9F226CC}.Debug|ARM.ActiveCfg = Debug|iPhone
		{7F8658E8-89AE-40F8-8401-26AFB9F226CC}.Debug|iPhone.ActiveCfg = Debug|iPhone
		{7F8658E8-89AE-40F8-8401-26AFB9F226CC}.Debug|iPhone.Build.0 = Debug|iPhone
		{7F8658E8-89AE-40F8-8401-26AFB9F226CC}.Debug|iPhoneSimulator.ActiveCfg = Debug|iPhoneSimulator
		{7F8658E8-89AE-40F8-8401-26AFB9F226CC}.Debug|iPhoneSimulator.Build.0 = Debug|iPhoneSimulator
		{7F8658E8-89AE-40F8-8401-26AFB9F226CC}.Debug|x64.ActiveCfg = Debug|iPhone
		{7F8658E8-89AE-40F8-8401-26AFB9F226CC}.Debug|x86.ActiveCfg = Debug|iPhone
		{7F8658E8-89AE-40F8-8401-26AFB9F226CC}.Release|Any CPU.ActiveCfg = Release|iPhone
		{7F8658E8-89AE-40F8-8401-26AFB9F226CC}.Release|ARM.ActiveCfg = Release|iPhone
		{7F8658E8-89AE-40F8-8401-26AFB9F226CC}.Release|iPhone.ActiveCfg = Release|iPhone
		{7F8658E8-89AE-40F8-8401-26AFB9F226CC}.Release|iPhone.Build.0 = Release|iPhone
		{7F8658E8-89AE-40F8-8401-26AFB9F226CC}.Release|iPhoneSimulator.ActiveCfg = Release|iPhoneSimulator
		{7F8658E8-89AE-40F8-8401-26AFB9F226CC}.Release|iPhoneSimulator.Build.0 = Release|iPhoneSimulator
		{7F8658E8-89AE-40F8-8401-26AFB9F226CC}.Release|x64.ActiveCfg = Release|iPhone
		{7F8658E8-89AE-40F8-8401-26AFB9F226CC}.Release|x86.ActiveCfg = Release|iPhone
	EndGlobalSection
	GlobalSection(SolutionProperties) = preSolution
		HideSolutionNode = FALSE
	EndGlobalSection
	GlobalSection(ExtensibilityGlobals) = postSolution
		SolutionGuid = {12F00B3B-EB1E-4D4D-959C-55D476912121}
	EndGlobalSection
EndGlobal
